
Microsoft Visual Studio Solution File, Format Version 12.00
# Visual Studio 14
VisualStudioVersion = 14.0.25123.0
MinimumVisualStudioVersion = 10.0.40219.1
Project("{8BC9CEB8-8B4A-11D0-8D11-00A0C91BC942}") = "D3D11_WindowCreate_01", "D3D11_WindowCreate_01\D3D11_WindowCreate_01.vcxproj", "{61F10392-2BD5-4DF2-B04D-8E3ECCCFF32C}"
EndProject
Project("{8BC9CEB8-8B4A-11D0-8D11-00A0C91BC942}") = "D3D11_WindowCreate_02", "D3D11_WindowCreate_02\D3D11_WindowCreate_02.vcxproj", "{98015F0A-DCF7-4D6A-A312-738839F64AB0}"
EndProject
Project("{8BC9CEB8-8B4A-11D0-8D11-00A0C91BC942}") = "D3D11_WindowCreate_03", "D3D11_WindowCreate_03\D3D11_WindowCreate_03.vcxproj", "{8D66FC4E-EA1C-440C-AB0F-9AF5C9276C99}"
EndProject
Project("{8BC9CEB8-8B4A-11D0-8D11-00A0C91BC942}") = "D3D9_CreateWindow", "D3D9_CreateWindow\D3D9_CreateWindow.vcxproj", "{B863C31A-1E99-4464-A8D9-B6E00C427EAA}"
EndProject
Project("{8BC9CEB8-8B4A-11D0-8D11-00A0C91BC942}") = "D3D9_RenderVertices", "D3D9_RenderVertices\D3D9_RenderVertices.vcxproj", "{AE06EE74-29E3-41B9-A2FB-4F99CC149CEB}"
EndProject
Project("{8BC9CEB8-8B4A-11D0-8D11-00A0C91BC942}") = "D3D9_UsingMatrices", "D3D9_UsingMatrices\D3D9_UsingMatrices.vcxproj", "{7795CAE3-0CAC-4123-AFB2-658213EFA4EF}"
EndProject
Project("{8BC9CEB8-8B4A-11D0-8D11-00A0C91BC942}") = "D3D9_VR", "D3D9_VR\D3D9_VR.vcxproj", "{08F65962-6452-4AB3-A883-07E6BA9D9E9A}"
EndProject
Project("{8BC9CEB8-8B4A-11D0-8D11-00A0C91BC942}") = "D3D9_CreateAndUsingLight", "D3D9_CreateAndUsingLight\D3D9_CreateAndUsingLight.vcxproj", "{6DD41AD1-6331-4A7E-88EB-FD4C2BC33044}"
EndProject
Project("{8BC9CEB8-8B4A-11D0-8D11-00A0C91BC942}") = "D3D9_UsingTextureMap", "D3D9_UsingTextureMap\D3D9_UsingTextureMap.vcxproj", "{E56F10D6-D0A3-4883-BF87-526877CBD160}"
EndProject
Project("{8BC9CEB8-8B4A-11D0-8D11-00A0C91BC942}") = "D3D9_RenderToTexture", "D3D9_RenderToTexture\D3D9_RenderToTexture.vcxproj", "{5FB50D81-6691-4E37-974D-EC9C2FE594C5}"
EndProject
Global
	GlobalSection(SolutionConfigurationPlatforms) = preSolution
		Debug|x64 = Debug|x64
		Debug|x86 = Debug|x86
		Release|x64 = Release|x64
		Release|x86 = Release|x86
	EndGlobalSection
	GlobalSection(ProjectConfigurationPlatforms) = postSolution
		{61F10392-2BD5-4DF2-B04D-8E3ECCCFF32C}.Debug|x64.ActiveCfg = Debug|x64
		{61F10392-2BD5-4DF2-B04D-8E3ECCCFF32C}.Debug|x64.Build.0 = Debug|x64
		{61F10392-2BD5-4DF2-B04D-8E3ECCCFF32C}.Debug|x86.ActiveCfg = Debug|Win32
		{61F10392-2BD5-4DF2-B04D-8E3ECCCFF32C}.Debug|x86.Build.0 = Debug|Win32
		{61F10392-2BD5-4DF2-B04D-8E3ECCCFF32C}.Release|x64.ActiveCfg = Release|x64
		{61F10392-2BD5-4DF2-B04D-8E3ECCCFF32C}.Release|x64.Build.0 = Release|x64
		{61F10392-2BD5-4DF2-B04D-8E3ECCCFF32C}.Release|x86.ActiveCfg = Release|Win32
		{61F10392-2BD5-4DF2-B04D-8E3ECCCFF32C}.Release|x86.Build.0 = Release|Win32
		{98015F0A-DCF7-4D6A-A312-738839F64AB0}.Debug|x64.ActiveCfg = Debug|x64
		{98015F0A-DCF7-4D6A-A312-738839F64AB0}.Debug|x64.Build.0 = Debug|x64
		{98015F0A-DCF7-4D6A-A312-738839F64AB0}.Debug|x86.ActiveCfg = Debug|Win32
		{98015F0A-DCF7-4D6A-A312-738839F64AB0}.Debug|x86.Build.0 = Debug|Win32
		{98015F0A-DCF7-4D6A-A312-738839F64AB0}.Release|x64.ActiveCfg = Release|x64
		{98015F0A-DCF7-4D6A-A312-738839F64AB0}.Release|x64.Build.0 = Release|x64
		{98015F0A-DCF7-4D6A-A312-738839F64AB0}.Release|x86.ActiveCfg = Release|Win32
		{98015F0A-DCF7-4D6A-A312-738839F64AB0}.Release|x86.Build.0 = Release|Win32
		{8D66FC4E-EA1C-440C-AB0F-9AF5C9276C99}.Debug|x64.ActiveCfg = Debug|x64
		{8D66FC4E-EA1C-440C-AB0F-9AF5C9276C99}.Debug|x64.Build.0 = Debug|x64
		{8D66FC4E-EA1C-440C-AB0F-9AF5C9276C99}.Debug|x86.ActiveCfg = Debug|Win32
		{8D66FC4E-EA1C-440C-AB0F-9AF5C9276C99}.Debug|x86.Build.0 = Debug|Win32
		{8D66FC4E-EA1C-440C-AB0F-9AF5C9276C99}.Release|x64.ActiveCfg = Release|x64
		{8D66FC4E-EA1C-440C-AB0F-9AF5C9276C99}.Release|x64.Build.0 = Release|x64
		{8D66FC4E-EA1C-440C-AB0F-9AF5C9276C99}.Release|x86.ActiveCfg = Release|Win32
		{8D66FC4E-EA1C-440C-AB0F-9AF5C9276C99}.Release|x86.Build.0 = Release|Win32
		{B863C31A-1E99-4464-A8D9-B6E00C427EAA}.Debug|x64.ActiveCfg = Debug|x64
		{B863C31A-1E99-4464-A8D9-B6E00C427EAA}.Debug|x64.Build.0 = Debug|x64
		{B863C31A-1E99-4464-A8D9-B6E00C427EAA}.Debug|x86.ActiveCfg = Debug|Win32
		{B863C31A-1E99-4464-A8D9-B6E00C427EAA}.Debug|x86.Build.0 = Debug|Win32
		{B863C31A-1E99-4464-A8D9-B6E00C427EAA}.Release|x64.ActiveCfg = Release|x64
		{B863C31A-1E99-4464-A8D9-B6E00C427EAA}.Release|x64.Build.0 = Release|x64
		{B863C31A-1E99-4464-A8D9-B6E00C427EAA}.Release|x86.ActiveCfg = Release|Win32
		{B863C31A-1E99-4464-A8D9-B6E00C427EAA}.Release|x86.Build.0 = Release|Win32
		{AE06EE74-29E3-41B9-A2FB-4F99CC149CEB}.Debug|x64.ActiveCfg = Debug|x64
		{AE06EE74-29E3-41B9-A2FB-4F99CC149CEB}.Debug|x64.Build.0 = Debug|x64
		{AE06EE74-29E3-41B9-A2FB-4F99CC149CEB}.Debug|x86.ActiveCfg = Debug|Win32
		{AE06EE74-29E3-41B9-A2FB-4F99CC149CEB}.Debug|x86.Build.0 = Debug|Win32
		{AE06EE74-29E3-41B9-A2FB-4F99CC149CEB}.Release|x64.ActiveCfg = Release|x64
		{AE06EE74-29E3-41B9-A2FB-4F99CC149CEB}.Release|x64.Build.0 = Release|x64
		{AE06EE74-29E3-41B9-A2FB-4F99CC149CEB}.Release|x86.ActiveCfg = Release|Win32
		{AE06EE74-29E3-41B9-A2FB-4F99CC149CEB}.Release|x86.Build.0 = Release|Win32
		{7795CAE3-0CAC-4123-AFB2-658213EFA4EF}.Debug|x64.ActiveCfg = Debug|x64
		{7795CAE3-0CAC-4123-AFB2-658213EFA4EF}.Debug|x64.Build.0 = Debug|x64
		{7795CAE3-0CAC-4123-AFB2-658213EFA4EF}.Debug|x86.ActiveCfg = Debug|Win32
		{7795CAE3-0CAC-4123-AFB2-658213EFA4EF}.Debug|x86.Build.0 = Debug|Win32
		{7795CAE3-0CAC-4123-AFB2-658213EFA4EF}.Release|x64.ActiveCfg = Release|x64
		{7795CAE3-0CAC-4123-AFB2-658213EFA4EF}.Release|x64.Build.0 = Release|x64
		{7795CAE3-0CAC-4123-AFB2-658213EFA4EF}.Release|x86.ActiveCfg = Release|Win32
		{7795CAE3-0CAC-4123-AFB2-658213EFA4EF}.Release|x86.Build.0 = Release|Win32
		{08F65962-6452-4AB3-A883-07E6BA9D9E9A}.Debug|x64.ActiveCfg = Debug|x64
		{08F65962-6452-4AB3-A883-07E6BA9D9E9A}.Debug|x64.Build.0 = Debug|x64
		{08F65962-6452-4AB3-A883-07E6BA9D9E9A}.Debug|x86.ActiveCfg = Debug|Win32
		{08F65962-6452-4AB3-A883-07E6BA9D9E9A}.Debug|x86.Build.0 = Debug|Win32
		{08F65962-6452-4AB3-A883-07E6BA9D9E9A}.Release|x64.ActiveCfg = Release|x64
		{08F65962-6452-4AB3-A883-07E6BA9D9E9A}.Release|x64.Build.0 = Release|x64
		{08F65962-6452-4AB3-A883-07E6BA9D9E9A}.Release|x86.ActiveCfg = Release|Win32
		{08F65962-6452-4AB3-A883-07E6BA9D9E9A}.Release|x86.Build.0 = Release|Win32
		{6DD41AD1-6331-4A7E-88EB-FD4C2BC33044}.Debug|x64.ActiveCfg = Debug|x64
		{6DD41AD1-6331-4A7E-88EB-FD4C2BC33044}.Debug|x64.Build.0 = Debug|x64
		{6DD41AD1-6331-4A7E-88EB-FD4C2BC33044}.Debug|x86.ActiveCfg = Debug|Win32
		{6DD41AD1-6331-4A7E-88EB-FD4C2BC33044}.Debug|x86.Build.0 = Debug|Win32
		{6DD41AD1-6331-4A7E-88EB-FD4C2BC33044}.Release|x64.ActiveCfg = Release|x64
		{6DD41AD1-6331-4A7E-88EB-FD4C2BC33044}.Release|x64.Build.0 = Release|x64
		{6DD41AD1-6331-4A7E-88EB-FD4C2BC33044}.Release|x86.ActiveCfg = Release|Win32
		{6DD41AD1-6331-4A7E-88EB-FD4C2BC33044}.Release|x86.Build.0 = Release|Win32
		{E56F10D6-D0A3-4883-BF87-526877CBD160}.Debug|x64.ActiveCfg = Debug|x64
		{E56F10D6-D0A3-4883-BF87-526877CBD160}.Debug|x64.Build.0 = Debug|x64
		{E56F10D6-D0A3-4883-BF87-526877CBD160}.Debug|x86.ActiveCfg = Debug|Win32
		{E56F10D6-D0A3-4883-BF87-526877CBD160}.Debug|x86.Build.0 = Debug|Win32
		{E56F10D6-D0A3-4883-BF87-526877CBD160}.Release|x64.ActiveCfg = Release|x64
		{E56F10D6-D0A3-4883-BF87-526877CBD160}.Release|x64.Build.0 = Release|x64
		{E56F10D6-D0A3-4883-BF87-526877CBD160}.Release|x86.ActiveCfg = Release|Win32
		{E56F10D6-D0A3-4883-BF87-526877CBD160}.Release|x86.Build.0 = Release|Win32
		{5FB50D81-6691-4E37-974D-EC9C2FE594C5}.Debug|x64.ActiveCfg = Debug|x64
		{5FB50D81-6691-4E37-974D-EC9C2FE594C5}.Debug|x64.Build.0 = Debug|x64
		{5FB50D81-6691-4E37-974D-EC9C2FE594C5}.Debug|x86.ActiveCfg = Debug|Win32
		{5FB50D81-6691-4E37-974D-EC9C2FE594C5}.Debug|x86.Build.0 = Debug|Win32
		{5FB50D81-6691-4E37-974D-EC9C2FE594C5}.Release|x64.ActiveCfg = Release|x64
		{5FB50D81-6691-4E37-974D-EC9C2FE594C5}.Release|x64.Build.0 = Release|x64
		{5FB50D81-6691-4E37-974D-EC9C2FE594C5}.Release|x86.ActiveCfg = Release|Win32
		{5FB50D81-6691-4E37-974D-EC9C2FE594C5}.Release|x86.Build.0 = Release|Win32
	EndGlobalSection
	GlobalSection(SolutionProperties) = preSolution
		HideSolutionNode = FALSE
	EndGlobalSection
EndGlobal
